// !$*UTF8*$!
{
	archiveVersion = 1;
	classes = {
	};
	objectVersion = 77;
	objects = {

/* Begin PBXBuildFile section */
		102B47A95E2A331A91A8819A /* NotchContentView.swift in Sources */ = {isa = PBXBuildFile; fileRef = C9AE0625A9E04E6587F7AD80 /* NotchContentView.swift */; };
		1CAB79C2277B6D4D9A082372 /* Models.swift in Sources */ = {isa = PBXBuildFile; fileRef = 46D2D0E5519FE02F6F78C889 /* Models.swift */; };
		20F9F1E756EB01CB492BC177 /* NotificationService.swift in Sources */ = {isa = PBXBuildFile; fileRef = D8F0D815F9AC23D7C340811C /* NotificationService.swift */; };
		2A5071D407CB3A66013A1DD8 /* NotchPanel.swift in Sources */ = {isa = PBXBuildFile; fileRef = 1087583472F4EC5934CF83B3 /* NotchPanel.swift */; };
		41B32A9D469F62F5F4F66AD6 /* CollapsedNotchView.swift in Sources */ = {isa = PBXBuildFile; fileRef = A1B62D6DC3DDAEA45C40D83A /* CollapsedNotchView.swift */; };
		49CC5EF868195BC7E07629BB /* PomodoroTimerView.swift in Sources */ = {isa = PBXBuildFile; fileRef = 4F819C8EBA3A15B0223D9D3F /* PomodoroTimerView.swift */; };
		4A97443CE6DA894571AA80EA /* PomodoroTimerServiceTests.swift in Sources */ = {isa = PBXBuildFile; fileRef = AA7A3EAC99635317E90B4B34 /* PomodoroTimerServiceTests.swift */; };
		52EBAA6AAB90224D94028540 /* PomodoroTimerService.swift in Sources */ = {isa = PBXBuildFile; fileRef = 74FDF6ACB34142C8EE84C35C /* PomodoroTimerService.swift */; };
		549EB32B8F7A05DFEB6B2478 /* AppDelegate.swift in Sources */ = {isa = PBXBuildFile; fileRef = E984421339DC9AA951D5BA03 /* AppDelegate.swift */; };
		644055133FA479C419E0F9D3 /* NowPlayingService.swift in Sources */ = {isa = PBXBuildFile; fileRef = 8990C70F991D06238862CD7E /* NowPlayingService.swift */; };
		804DEFBFB46302D1765D2EA4 /* ExpandedNotchView.swift in Sources */ = {isa = PBXBuildFile; fileRef = 0D1A37D9EBA8234783FB0F46 /* ExpandedNotchView.swift */; };
		81A0B114D98E679F481B5E2F /* NotchFlowApp.swift in Sources */ = {isa = PBXBuildFile; fileRef = 4FDD592AB2C2B4CAED9F8739 /* NotchFlowApp.swift */; };
		B012B2AE98E8DC93EEB54B9F /* HoverMonitor.swift in Sources */ = {isa = PBXBuildFile; fileRef = B4305BC255AA6755D71CBD55 /* HoverMonitor.swift */; };
		B168B74C6A6807F9DD033D89 /* MiniWaveformBars.swift in Sources */ = {isa = PBXBuildFile; fileRef = 2C3B4793406D7E6E134E88D8 /* MiniWaveformBars.swift */; };
		E1E695406B5F48C832631855 /* NotchPositionManager.swift in Sources */ = {isa = PBXBuildFile; fileRef = CE5D2E781B2566347E0711A0 /* NotchPositionManager.swift */; };
		E924CF725EF241E5BA7EEFDB /* PomodoroRingIndicator.swift in Sources */ = {isa = PBXBuildFile; fileRef = 24CCC9519D9C24EC29F64C73 /* PomodoroRingIndicator.swift */; };
		EBD2699F900566173DEA92FE /* MediaPlayerView.swift in Sources */ = {isa = PBXBuildFile; fileRef = 179EF513EE07862A05582FD3 /* MediaPlayerView.swift */; };
		F70C688A33A0FE669CD42DF8 /* AudioWaveformView.swift in Sources */ = {isa = PBXBuildFile; fileRef = 0D6C8FB72B96DAE898109961 /* AudioWaveformView.swift */; };
/* End PBXBuildFile section */

/* Begin PBXContainerItemProxy section */
		8FC5FF6ABAB5D6BF49414F98 /* PBXContainerItemProxy */ = {
			isa = PBXContainerItemProxy;
			containerPortal = 873A6394B5C3C285B226C773 /* Project object */;
			proxyType = 1;
			remoteGlobalIDString = C0AE685BB3686C2C91E94861;
			remoteInfo = NotchFlow;
		};
/* End PBXContainerItemProxy section */

/* Begin PBXFileReference section */
		0D1A37D9EBA8234783FB0F46 /* ExpandedNotchView.swift */ = {isa = PBXFileReference; lastKnownFileType = sourcecode.swift; path = ExpandedNotchView.swift; sourceTree = "<group>"; };
		0D6C8FB72B96DAE898109961 /* AudioWaveformView.swift */ = {isa = PBXFileReference; lastKnownFileType = sourcecode.swift; path = AudioWaveformView.swift; sourceTree = "<group>"; };
		1087583472F4EC5934CF83B3 /* NotchPanel.swift */ = {isa = PBXFileReference; lastKnownFileType = sourcecode.swift; path = NotchPanel.swift; sourceTree = "<group>"; };
		179EF513EE07862A05582FD3 /* MediaPlayerView.swift */ = {isa = PBXFileReference; lastKnownFileType = sourcecode.swift; path = MediaPlayerView.swift; sourceTree = "<group>"; };
		24CCC9519D9C24EC29F64C73 /* PomodoroRingIndicator.swift */ = {isa = PBXFileReference; lastKnownFileType = sourcecode.swift; path = PomodoroRingIndicator.swift; sourceTree = "<group>"; };
		2C3B4793406D7E6E134E88D8 /* MiniWaveformBars.swift */ = {isa = PBXFileReference; lastKnownFileType = sourcecode.swift; path = MiniWaveformBars.swift; sourceTree = "<group>"; };
		46D2D0E5519FE02F6F78C889 /* Models.swift */ = {isa = PBXFileReference; lastKnownFileType = sourcecode.swift; path = Models.swift; sourceTree = "<group>"; };
		4F819C8EBA3A15B0223D9D3F /* PomodoroTimerView.swift */ = {isa = PBXFileReference; lastKnownFileType = sourcecode.swift; path = PomodoroTimerView.swift; sourceTree = "<group>"; };
		4FDD592AB2C2B4CAED9F8739 /* NotchFlowApp.swift */ = {isa = PBXFileReference; lastKnownFileType = sourcecode.swift; path = NotchFlowApp.swift; sourceTree = "<group>"; };
		574229D9E11D8B6DD2B006A9 /* NotchFlowTests.xctest */ = {isa = PBXFileReference; explicitFileType = wrapper.cfbundle; includeInIndex = 0; path = NotchFlowTests.xctest; sourceTree = BUILT_PRODUCTS_DIR; };
		74FDF6ACB34142C8EE84C35C /* PomodoroTimerService.swift */ = {isa = PBXFileReference; lastKnownFileType = sourcecode.swift; path = PomodoroTimerService.swift; sourceTree = "<group>"; };
		8990C70F991D06238862CD7E /* NowPlayingService.swift */ = {isa = PBXFileReference; lastKnownFileType = sourcecode.swift; path = NowPlayingService.swift; sourceTree = "<group>"; };
		9FA40A9ADA1DF1D9FC955687 /* NotchFlow.entitlements */ = {isa = PBXFileReference; lastKnownFileType = text.plist.entitlements; path = NotchFlow.entitlements; sourceTree = "<group>"; };
		A1B62D6DC3DDAEA45C40D83A /* CollapsedNotchView.swift */ = {isa = PBXFileReference; lastKnownFileType = sourcecode.swift; path = CollapsedNotchView.swift; sourceTree = "<group>"; };
		A3DC519D55710CD5992A47A0 /* NotchFlow.app */ = {isa = PBXFileReference; explicitFileType = wrapper.application; includeInIndex = 0; path = NotchFlow.app; sourceTree = BUILT_PRODUCTS_DIR; };
		AA7A3EAC99635317E90B4B34 /* PomodoroTimerServiceTests.swift */ = {isa = PBXFileReference; lastKnownFileType = sourcecode.swift; path = PomodoroTimerServiceTests.swift; sourceTree = "<group>"; };
		B4305BC255AA6755D71CBD55 /* HoverMonitor.swift */ = {isa = PBXFileReference; lastKnownFileType = sourcecode.swift; path = HoverMonitor.swift; sourceTree = "<group>"; };
		C9AE0625A9E04E6587F7AD80 /* NotchContentView.swift */ = {isa = PBXFileReference; lastKnownFileType = sourcecode.swift; path = NotchContentView.swift; sourceTree = "<group>"; };
		CE5D2E781B2566347E0711A0 /* NotchPositionManager.swift */ = {isa = PBXFileReference; lastKnownFileType = sourcecode.swift; path = NotchPositionManager.swift; sourceTree = "<group>"; };
		D8F0D815F9AC23D7C340811C /* NotificationService.swift */ = {isa = PBXFileReference; lastKnownFileType = sourcecode.swift; path = NotificationService.swift; sourceTree = "<group>"; };
		E984421339DC9AA951D5BA03 /* AppDelegate.swift */ = {isa = PBXFileReference; lastKnownFileType = sourcecode.swift; path = AppDelegate.swift; sourceTree = "<group>"; };
/* End PBXFileReference section */

/* Begin PBXGroup section */
		1BA4B3D73423282D91E49DAA /* Window */ = {
			isa = PBXGroup;
			children = (
				B4305BC255AA6755D71CBD55 /* HoverMonitor.swift */,
			);
			path = Window;
			sourceTree = "<group>";
		};
		2498C95302F782C6A0F1D8EA /* Products */ = {
			isa = PBXGroup;
			children = (
				A3DC519D55710CD5992A47A0 /* NotchFlow.app */,
				574229D9E11D8B6DD2B006A9 /* NotchFlowTests.xctest */,
			);
			name = Products;
			sourceTree = "<group>";
		};
		2ECC4CC5F7D97EDC026F6A62 /* NotchFlow */ = {
			isa = PBXGroup;
			children = (
				B8293B8AD794B46A40D87872 /* Models */,
				6F8A491A176FD110F53F4EFA /* NotchFlow */,
				722F9CE193E098AA5694FBAC /* Resources */,
				D62881164AF909370A451EF7 /* Services */,
				968A68574E58E7642F0F6A0C /* Views */,
				82CBC04F4040A5767A61EBF5 /* Window */,
				E984421339DC9AA951D5BA03 /* AppDelegate.swift */,
				4FDD592AB2C2B4CAED9F8739 /* NotchFlowApp.swift */,
			);
			path = NotchFlow;
			sourceTree = "<group>";
		};
		577E69615AA83E1A03220070 /* Expanded */ = {
			isa = PBXGroup;
			children = (
				0D6C8FB72B96DAE898109961 /* AudioWaveformView.swift */,
				0D1A37D9EBA8234783FB0F46 /* ExpandedNotchView.swift */,
				179EF513EE07862A05582FD3 /* MediaPlayerView.swift */,
				4F819C8EBA3A15B0223D9D3F /* PomodoroTimerView.swift */,
			);
			path = Expanded;
			sourceTree = "<group>";
		};
		6F8A491A176FD110F53F4EFA /* NotchFlow */ = {
			isa = PBXGroup;
			children = (
				1BA4B3D73423282D91E49DAA /* Window */,
			);
			path = NotchFlow;
			sourceTree = "<group>";
		};
		722F9CE193E098AA5694FBAC /* Resources */ = {
			isa = PBXGroup;
			children = (
				9FA40A9ADA1DF1D9FC955687 /* NotchFlow.entitlements */,
			);
			path = Resources;
			sourceTree = "<group>";
		};
		79A7C33DC79CA7F9F66A3E93 /* NotchFlowTests */ = {
			isa = PBXGroup;
			children = (
				AA7A3EAC99635317E90B4B34 /* PomodoroTimerServiceTests.swift */,
			);
			path = NotchFlowTests;
			sourceTree = "<group>";
		};
		82CBC04F4040A5767A61EBF5 /* Window */ = {
			isa = PBXGroup;
			children = (
				1087583472F4EC5934CF83B3 /* NotchPanel.swift */,
				CE5D2E781B2566347E0711A0 /* NotchPositionManager.swift */,
			);
			path = Window;
			sourceTree = "<group>";
		};
		968A68574E58E7642F0F6A0C /* Views */ = {
			isa = PBXGroup;
			children = (
				CDF8038DEBE0D541833E1584 /* Collapsed */,
				577E69615AA83E1A03220070 /* Expanded */,
				C9AE0625A9E04E6587F7AD80 /* NotchContentView.swift */,
			);
			path = Views;
			sourceTree = "<group>";
		};
		B8293B8AD794B46A40D87872 /* Models */ = {
			isa = PBXGroup;
			children = (
				46D2D0E5519FE02F6F78C889 /* Models.swift */,
			);
			path = Models;
			sourceTree = "<group>";
		};
		CDF8038DEBE0D541833E1584 /* Collapsed */ = {
			isa = PBXGroup;
			children = (
				A1B62D6DC3DDAEA45C40D83A /* CollapsedNotchView.swift */,
				2C3B4793406D7E6E134E88D8 /* MiniWaveformBars.swift */,
				24CCC9519D9C24EC29F64C73 /* PomodoroRingIndicator.swift */,
			);
			path = Collapsed;
			sourceTree = "<group>";
		};
		D62881164AF909370A451EF7 /* Services */ = {
			isa = PBXGroup;
			children = (
				D8F0D815F9AC23D7C340811C /* NotificationService.swift */,
				8990C70F991D06238862CD7E /* NowPlayingService.swift */,
				74FDF6ACB34142C8EE84C35C /* PomodoroTimerService.swift */,
			);
			path = Services;
			sourceTree = "<group>";
		};
		DEC62965A2924173F4368B3A = {
			isa = PBXGroup;
			children = (
				2ECC4CC5F7D97EDC026F6A62 /* NotchFlow */,
				79A7C33DC79CA7F9F66A3E93 /* NotchFlowTests */,
				2498C95302F782C6A0F1D8EA /* Products */,
			);
			sourceTree = "<group>";
		};
/* End PBXGroup section */

/* Begin PBXNativeTarget section */
		4EB0726A8564698388810721 /* NotchFlowTests */ = {
			isa = PBXNativeTarget;
			buildConfigurationList = CD5A9E0E9AF35A697725FAFD /* Build configuration list for PBXNativeTarget "NotchFlowTests" */;
			buildPhases = (
				9CAA93BFCD6776D117020A4E /* Sources */,
			);
			buildRules = (
			);
			dependencies = (
				3A7E37F5C1AA277064FA5ADF /* PBXTargetDependency */,
			);
			name = NotchFlowTests;
			packageProductDependencies = (
			);
			productName = NotchFlowTests;
			productReference = 574229D9E11D8B6DD2B006A9 /* NotchFlowTests.xctest */;
			productType = "com.apple.product-type.bundle.unit-test";
		};
		C0AE685BB3686C2C91E94861 /* NotchFlow */ = {
			isa = PBXNativeTarget;
			buildConfigurationList = 3BE29F11B9F15F9359DB908A /* Build configuration list for PBXNativeTarget "NotchFlow" */;
			buildPhases = (
				D581F08AE662B9C5067A9074 /* Sources */,
			);
			buildRules = (
			);
			dependencies = (
			);
			name = NotchFlow;
			packageProductDependencies = (
			);
			productName = NotchFlow;
			productReference = A3DC519D55710CD5992A47A0 /* NotchFlow.app */;
			productType = "com.apple.product-type.application";
		};
/* End PBXNativeTarget section */

/* Begin PBXProject section */
		873A6394B5C3C285B226C773 /* Project object */ = {
			isa = PBXProject;
			attributes = {
				BuildIndependentTargetsInParallel = YES;
				LastUpgradeCheck = 1600;
				TargetAttributes = {
					C0AE685BB3686C2C91E94861 = {
						ProvisioningStyle = Automatic;
					};
				};
			};
			buildConfigurationList = FD8DD7F82DFB40E692FE04D4 /* Build configuration list for PBXProject "NotchFlow" */;
			compatibilityVersion = "Xcode 14.0";
			developmentRegion = en;
			hasScannedForEncodings = 0;
			knownRegions = (
				Base,
				en,
			);
			mainGroup = DEC62965A2924173F4368B3A;
			minimizedProjectReferenceProxies = 1;
			preferredProjectObjectVersion = 77;
			projectDirPath = "";
			projectRoot = "";
			targets = (
				C0AE685BB3686C2C91E94861 /* NotchFlow */,
				4EB0726A8564698388810721 /* NotchFlowTests */,
			);
		};
/* End PBXProject section */

/* Begin PBXSourcesBuildPhase section */
		9CAA93BFCD6776D117020A4E /* Sources */ = {
			isa = PBXSourcesBuildPhase;
			buildActionMask = 2147483647;
			files = (
				4A97443CE6DA894571AA80EA /* PomodoroTimerServiceTests.swift in Sources */,
			);
			runOnlyForDeploymentPostprocessing = 0;
		};
		D581F08AE662B9C5067A9074 /* Sources */ = {
			isa = PBXSourcesBuildPhase;
			buildActionMask = 2147483647;
			files = (
				549EB32B8F7A05DFEB6B2478 /* AppDelegate.swift in Sources */,
				F70C688A33A0FE669CD42DF8 /* AudioWaveformView.swift in Sources */,
				41B32A9D469F62F5F4F66AD6 /* CollapsedNotchView.swift in Sources */,
				804DEFBFB46302D1765D2EA4 /* ExpandedNotchView.swift in Sources */,
				B012B2AE98E8DC93EEB54B9F /* HoverMonitor.swift in Sources */,
				EBD2699F900566173DEA92FE /* MediaPlayerView.swift in Sources */,
				B168B74C6A6807F9DD033D89 /* MiniWaveformBars.swift in Sources */,
				1CAB79C2277B6D4D9A082372 /* Models.swift in Sources */,
				102B47A95E2A331A91A8819A /* NotchContentView.swift in Sources */,
				81A0B114D98E679F481B5E2F /* NotchFlowApp.swift in Sources */,
				2A5071D407CB3A66013A1DD8 /* NotchPanel.swift in Sources */,
				E1E695406B5F48C832631855 /* NotchPositionManager.swift in Sources */,
				20F9F1E756EB01CB492BC177 /* NotificationService.swift in Sources */,
				644055133FA479C419E0F9D3 /* NowPlayingService.swift in Sources */,
				E924CF725EF241E5BA7EEFDB /* PomodoroRingIndicator.swift in Sources */,
				52EBAA6AAB90224D94028540 /* PomodoroTimerService.swift in Sources */,
				49CC5EF868195BC7E07629BB /* PomodoroTimerView.swift in Sources */,
			);
			runOnlyForDeploymentPostprocessing = 0;
		};
/* End PBXSourcesBuildPhase section */

/* Begin PBXTargetDependency section */
		3A7E37F5C1AA277064FA5ADF /* PBXTargetDependency */ = {
			isa = PBXTargetDependency;
			target = C0AE685BB3686C2C91E94861 /* NotchFlow */;
			targetProxy = 8FC5FF6ABAB5D6BF49414F98 /* PBXContainerItemProxy */;
		};
/* End PBXTargetDependency section */

/* Begin XCBuildConfiguration section */
		19C15E30503BCA69E7129002 /* Release */ = {
			isa = XCBuildConfiguration;
			buildSettings = {
				ALWAYS_SEARCH_USER_PATHS = NO;
				CLANG_ANALYZER_NONNULL = YES;
				CLANG_ANALYZER_NUMBER_OBJECT_CONVERSION = YES_AGGRESSIVE;
				CLANG_CXX_LANGUAGE_STANDARD = "gnu++14";
				CLANG_CXX_LIBRARY = "libc++";
				CLANG_ENABLE_MODULES = YES;
				CLANG_ENABLE_OBJC_ARC = YES;
				CLANG_ENABLE_OBJC_WEAK = YES;
				CLANG_WARN_BLOCK_CAPTURE_AUTORELEASING = YES;
				CLANG_WARN_BOOL_CONVERSION = YES;
				CLANG_WARN_COMMA = YES;
				CLANG_WARN_CONSTANT_CONVERSION = YES;
				CLANG_WARN_DEPRECATED_OBJC_IMPLEMENTATIONS = YES;
				CLANG_WARN_DIRECT_OBJC_ISA_USAGE = YES_ERROR;
				CLANG_WARN_DOCUMENTATION_COMMENTS = YES;
				CLANG_WARN_EMPTY_BODY = YES;
				CLANG_WARN_ENUM_CONVERSION = YES;
				CLANG_WARN_INFINITE_RECURSION = YES;
				CLANG_WARN_INT_CONVERSION = YES;
				CLANG_WARN_NON_LITERAL_NULL_CONVERSION = YES;
				CLANG_WARN_OBJC_IMPLICIT_RETAIN_SELF = YES;
				CLANG_WARN_OBJC_LITERAL_CONVERSION = YES;
				CLANG_WARN_OBJC_ROOT_CLASS = YES_ERROR;
				CLANG_WARN_QUOTED_INCLUDE_IN_FRAMEWORK_HEADER = YES;
				CLANG_WARN_RANGE_LOOP_ANALYSIS = YES;
				CLANG_WARN_STRICT_PROTOTYPES = YES;
				CLANG_WARN_SUSPICIOUS_MOVE = YES;
				CLANG_WARN_UNGUARDED_AVAILABILITY = YES_AGGRESSIVE;
				CLANG_WARN_UNREACHABLE_CODE = YES;
				CLANG_WARN__DUPLICATE_METHOD_MATCH = YES;
				COPY_PHASE_STRIP = NO;
				DEBUG_INFORMATION_FORMAT = "dwarf-with-dsym";
				ENABLE_NS_ASSERTIONS = NO;
				ENABLE_STRICT_OBJC_MSGSEND = YES;
				GCC_C_LANGUAGE_STANDARD = gnu11;
				GCC_NO_COMMON_BLOCKS = YES;
				GCC_WARN_64_TO_32_BIT_CONVERSION = YES;
				GCC_WARN_ABOUT_RETURN_TYPE = YES_ERROR;
				GCC_WARN_UNDECLARED_SELECTOR = YES;
				GCC_WARN_UNINITIALIZED_AUTOS = YES_AGGRESSIVE;
				GCC_WARN_UNUSED_FUNCTION = YES;
				GCC_WARN_UNUSED_VARIABLE = YES;
				MACOSX_DEPLOYMENT_TARGET = 15.0;
				MTL_ENABLE_DEBUG_INFO = NO;
				MTL_FAST_MATH = YES;
				PRODUCT_NAME = "$(TARGET_NAME)";
				SDKROOT = macosx;
				SWIFT_COMPILATION_MODE = wholemodule;
				SWIFT_OPTIMIZATION_LEVEL = "-O";
				SWIFT_VERSION = 5.9;
			};
			name = Release;
		};
		3CD801E765DC7F97CE311B3C /* Debug */ = {
			isa = XCBuildConfiguration;
			buildSettings = {
				BUNDLE_LOADER = "$(TEST_HOST)";
				COMBINE_HIDPI_IMAGES = YES;
				GENERATE_INFOPLIST_FILE = YES;
				LD_RUNPATH_SEARCH_PATHS = (
					"$(inherited)",
					"@executable_path/../Frameworks",
					"@loader_path/../Frameworks",
				);
				PRODUCT_BUNDLE_IDENTIFIER = com.ayushman.NotchFlowTests;
				SDKROOT = macosx;
				TEST_HOST = "$(BUILT_PRODUCTS_DIR)/NotchFlow.app/Contents/MacOS/NotchFlow";
			};
			name = Debug;
		};
		4443516C6797A6B59870C9E1 /* Debug */ = {
			isa = XCBuildConfiguration;
			buildSettings = {
				ALWAYS_SEARCH_USER_PATHS = NO;
				CLANG_ANALYZER_NONNULL = YES;
				CLANG_ANALYZER_NUMBER_OBJECT_CONVERSION = YES_AGGRESSIVE;
				CLANG_CXX_LANGUAGE_STANDARD = "gnu++14";
				CLANG_CXX_LIBRARY = "libc++";
				CLANG_ENABLE_MODULES = YES;
				CLANG_ENABLE_OBJC_ARC = YES;
				CLANG_ENABLE_OBJC_WEAK = YES;
				CLANG_WARN_BLOCK_CAPTURE_AUTORELEASING = YES;
				CLANG_WARN_BOOL_CONVERSION = YES;
				CLANG_WARN_COMMA = YES;
				CLANG_WARN_CONSTANT_CONVERSION = YES;
				CLANG_WARN_DEPRECATED_OBJC_IMPLEMENTATIONS = YES;
				CLANG_WARN_DIRECT_OBJC_ISA_USAGE = YES_ERROR;
				CLANG_WARN_DOCUMENTATION_COMMENTS = YES;
				CLANG_WARN_EMPTY_BODY = YES;
				CLANG_WARN_ENUM_CONVERSION = YES;
				CLANG_WARN_INFINITE_RECURSION = YES;
				CLANG_WARN_INT_CONVERSION = YES;
				CLANG_WARN_NON_LITERAL_NULL_CONVERSION = YES;
				CLANG_WARN_OBJC_IMPLICIT_RETAIN_SELF = YES;
				CLANG_WARN_OBJC_LITERAL_CONVERSION = YES;
				CLANG_WARN_OBJC_ROOT_CLASS = YES_ERROR;
				CLANG_WARN_QUOTED_INCLUDE_IN_FRAMEWORK_HEADER = YES;
				CLANG_WARN_RANGE_LOOP_ANALYSIS = YES;
				CLANG_WARN_STRICT_PROTOTYPES = YES;
				CLANG_WARN_SUSPICIOUS_MOVE = YES;
				CLANG_WARN_UNGUARDED_AVAILABILITY = YES_AGGRESSIVE;
				CLANG_WARN_UNREACHABLE_CODE = YES;
				CLANG_WARN__DUPLICATE_METHOD_MATCH = YES;
				COPY_PHASE_STRIP = NO;
				DEBUG_INFORMATION_FORMAT = dwarf;
				ENABLE_STRICT_OBJC_MSGSEND = YES;
				ENABLE_TESTABILITY = YES;
				GCC_C_LANGUAGE_STANDARD = gnu11;
				GCC_DYNAMIC_NO_PIC = NO;
				GCC_NO_COMMON_BLOCKS = YES;
				GCC_OPTIMIZATION_LEVEL = 0;
				GCC_PREPROCESSOR_DEFINITIONS = (
					"$(inherited)",
					"DEBUG=1",
				);
				GCC_WARN_64_TO_32_BIT_CONVERSION = YES;
				GCC_WARN_ABOUT_RETURN_TYPE = YES_ERROR;
				GCC_WARN_UNDECLARED_SELECTOR = YES;
				GCC_WARN_UNINITIALIZED_AUTOS = YES_AGGRESSIVE;
				GCC_WARN_UNUSED_FUNCTION = YES;
				GCC_WARN_UNUSED_VARIABLE = YES;
				MACOSX_DEPLOYMENT_TARGET = 15.0;
				MTL_ENABLE_DEBUG_INFO = INCLUDE_SOURCE;
				MTL_FAST_MATH = YES;
				ONLY_ACTIVE_ARCH = YES;
				PRODUCT_NAME = "$(TARGET_NAME)";
				SDKROOT = macosx;
				SWIFT_ACTIVE_COMPILATION_CONDITIONS = DEBUG;
				SWIFT_OPTIMIZATION_LEVEL = "-Onone";
				SWIFT_VERSION = 5.9;
			};
			name = Debug;
		};
		4AA62D3EEAB0394A809980DE /* Release */ = {
			isa = XCBuildConfiguration;
			buildSettings = {
				BUNDLE_LOADER = "$(TEST_HOST)";
				COMBINE_HIDPI_IMAGES = YES;
				GENERATE_INFOPLIST_FILE = YES;
				LD_RUNPATH_SEARCH_PATHS = (
					"$(inherited)",
					"@executable_path/../Frameworks",
					"@loader_path/../Frameworks",
				);
				PRODUCT_BUNDLE_IDENTIFIER = com.ayushman.NotchFlowTests;
				SDKROOT = macosx;
				TEST_HOST = "$(BUILT_PRODUCTS_DIR)/NotchFlow.app/Contents/MacOS/NotchFlow";
			};
			name = Release;
		};
		8B11240CF2C544D1B1F7D2D9 /* Release */ = {
			isa = XCBuildConfiguration;
			buildSettings = {
				ASSETCATALOG_COMPILER_APPICON_NAME = AppIcon;
				CODE_SIGN_ENTITLEMENTS = NotchFlow/Resources/NotchFlow.entitlements;
				CODE_SIGN_IDENTITY = "-";
				CODE_SIGN_STYLE = Automatic;
				COMBINE_HIDPI_IMAGES = YES;
				ENABLE_HARDENED_RUNTIME = NO;
				GENERATE_INFOPLIST_FILE = YES;
				INFOPLIST_KEY_CFBundleDisplayName = NotchFlow;
				INFOPLIST_KEY_LSUIElement = YES;
				INFOPLIST_KEY_NSAppleEventsUsageDescription = "NotchFlow needs to control Spotify to fetch track info and playback state.";
				INFOPLIST_KEY_NSHumanReadableCopyright = "";
				LD_RUNPATH_SEARCH_PATHS = (
					"$(inherited)",
					"@executable_path/../Frameworks",
				);
				PRODUCT_BUNDLE_IDENTIFIER = com.ayushman.NotchFlow;
				PRODUCT_NAME = NotchFlow;
				SDKROOT = macosx;
				SWIFT_EMIT_LOC_STRINGS = YES;
			};
			name = Release;
		};
		D45959CE06B537C7039A29E3 /* Debug */ = {
			isa = XCBuildConfiguration;
			buildSettings = {
				ASSETCATALOG_COMPILER_APPICON_NAME = AppIcon;
				CODE_SIGN_ENTITLEMENTS = NotchFlow/Resources/NotchFlow.entitlements;
				CODE_SIGN_IDENTITY = "-";
				CODE_SIGN_STYLE = Automatic;
				COMBINE_HIDPI_IMAGES = YES;
				ENABLE_HARDENED_RUNTIME = NO;
				GENERATE_INFOPLIST_FILE = YES;
				INFOPLIST_KEY_CFBundleDisplayName = NotchFlow;
				INFOPLIST_KEY_LSUIElement = YES;
				INFOPLIST_KEY_NSAppleEventsUsageDescription = "NotchFlow needs to control Spotify to fetch track info and playback state.";
				INFOPLIST_KEY_NSHumanReadableCopyright = "";
				LD_RUNPATH_SEARCH_PATHS = (
					"$(inherited)",
					"@executable_path/../Frameworks",
				);
				PRODUCT_BUNDLE_IDENTIFIER = com.ayushman.NotchFlow;
				PRODUCT_NAME = NotchFlow;
				SDKROOT = macosx;
				SWIFT_EMIT_LOC_STRINGS = YES;
			};
			name = Debug;
		};
/* End XCBuildConfiguration section */

/* Begin XCConfigurationList section */
		3BE29F11B9F15F9359DB908A /* Build configuration list for PBXNativeTarget "NotchFlow" */ = {
			isa = XCConfigurationList;
			buildConfigurations = (
				D45959CE06B537C7039A29E3 /* Debug */,
				8B11240CF2C544D1B1F7D2D9 /* Release */,
			);
			defaultConfigurationIsVisible = 0;
			defaultConfigurationName = Debug;
		};
		CD5A9E0E9AF35A697725FAFD /* Build configuration list for PBXNativeTarget "NotchFlowTests" */ = {
			isa = XCConfigurationList;
			buildConfigurations = (
				3CD801E765DC7F97CE311B3C /* Debug */,
				4AA62D3EEAB0394A809980DE /* Release */,
			);
			defaultConfigurationIsVisible = 0;
			defaultConfigurationName = Debug;
		};
		FD8DD7F82DFB40E692FE04D4 /* Build configuration list for PBXProject "NotchFlow" */ = {
			isa = XCConfigurationList;
			buildConfigurations = (
				4443516C6797A6B59870C9E1 /* Debug */,
				19C15E30503BCA69E7129002 /* Release */,
			);
			defaultConfigurationIsVisible = 0;
			defaultConfigurationName = Debug;
		};
/* End XCConfigurationList section */
	};
	rootObject = 873A6394B5C3C285B226C773 /* Project object */;
}
